// !$*UTF8*$!
{
	archiveVersion = 1;
	classes = {
	};
	objectVersion = 46;
	objects = {

/* Begin PBXBuildFile section */
		14815DAA28203FDB56409EDC /* Pods_Resurrection_Church.framework in Frameworks */ = {isa = PBXBuildFile; fileRef = C725B45448817C9E66CCFEA4 /* Pods_Resurrection_Church.framework */; };
		2F4D5B7720503E1E005AB472 /* mainViewController.swift in Sources */ = {isa = PBXBuildFile; fileRef = 2F4D5B7620503E1E005AB472 /* mainViewController.swift */; };
		2F4D5B7820503E1E005AB472 /* mainViewController.swift in Sources */ = {isa = PBXBuildFile; fileRef = 2F4D5B7620503E1E005AB472 /* mainViewController.swift */; };
		2F4D5B8020508ADF005AB472 /* weeklyScripture.swift in Sources */ = {isa = PBXBuildFile; fileRef = 2F4D5B7F20508ADF005AB472 /* weeklyScripture.swift */; };
		2F4D5B8120508ADF005AB472 /* weeklyScripture.swift in Sources */ = {isa = PBXBuildFile; fileRef = 2F4D5B7F20508ADF005AB472 /* weeklyScripture.swift */; };
		2F81A21F2050EB07006C9FD5 /* GoogleService-Info.plist in Resources */ = {isa = PBXBuildFile; fileRef = 2F81A21E2050EB07006C9FD5 /* GoogleService-Info.plist */; };
		2F81A2202050EB07006C9FD5 /* GoogleService-Info.plist in Resources */ = {isa = PBXBuildFile; fileRef = 2F81A21E2050EB07006C9FD5 /* GoogleService-Info.plist */; };
		2F81A22A2051D7AE006C9FD5 /* TableViewController.swift in Sources */ = {isa = PBXBuildFile; fileRef = 2F81A2292051D7AE006C9FD5 /* TableViewController.swift */; };
		2F81A22B2051D7AE006C9FD5 /* TableViewController.swift in Sources */ = {isa = PBXBuildFile; fileRef = 2F81A2292051D7AE006C9FD5 /* TableViewController.swift */; };
		2F81A22D2051D883006C9FD5 /* updatesTVC.swift in Sources */ = {isa = PBXBuildFile; fileRef = 2F81A22C2051D883006C9FD5 /* updatesTVC.swift */; };
		2F81A22E2051D883006C9FD5 /* updatesTVC.swift in Sources */ = {isa = PBXBuildFile; fileRef = 2F81A22C2051D883006C9FD5 /* updatesTVC.swift */; };
		2F961EFE2072BB9500520B04 /* SermonsIcon.png in Resources */ = {isa = PBXBuildFile; fileRef = 2F961EFC2072BB9500520B04 /* SermonsIcon.png */; };
		2F961EFF2072BB9500520B04 /* Connect.png in Resources */ = {isa = PBXBuildFile; fileRef = 2F961EFD2072BB9500520B04 /* Connect.png */; };
		2F961F012072BBE300520B04 /* ConnectSmallIcon.png in Resources */ = {isa = PBXBuildFile; fileRef = 2F961F002072BBE300520B04 /* ConnectSmallIcon.png */; };
		2FCCDFFF2077EBCE008A236D /* connectVC.swift in Sources */ = {isa = PBXBuildFile; fileRef = 2FCCDFFE2077EBCE008A236D /* connectVC.swift */; };
		2FCCE00920780409008A236D /* Sermons.png in Resources */ = {isa = PBXBuildFile; fileRef = 2FCCE00220780408008A236D /* Sermons.png */; };
		2FCCE00A20780409008A236D /* S.png in Resources */ = {isa = PBXBuildFile; fileRef = 2FCCE00320780408008A236D /* S.png */; };
		2FCCE00B20780409008A236D /* stripe.png in Resources */ = {isa = PBXBuildFile; fileRef = 2FCCE00420780408008A236D /* stripe.png */; };
		2FCCE00C20780409008A236D /* C.png in Resources */ = {isa = PBXBuildFile; fileRef = 2FCCE00520780408008A236D /* C.png */; };
		2FCCE00D20780409008A236D /* ResurrectionAppIcon.png in Resources */ = {isa = PBXBuildFile; fileRef = 2FCCE00620780408008A236D /* ResurrectionAppIcon.png */; };
		2FCCE012207804AC008A236D /* TWS.png in Resources */ = {isa = PBXBuildFile; fileRef = 2FCCE010207804AC008A236D /* TWS.png */; };
		2FCCE016207805C0008A236D /* Give.png in Resources */ = {isa = PBXBuildFile; fileRef = 2FCCE015207805C0008A236D /* Give.png */; };
		2FCCE019207806E3008A236D /* bible.png in Resources */ = {isa = PBXBuildFile; fileRef = 2FCCE017207806E2008A236D /* bible.png */; };
		2FCCE01A207806E3008A236D /* ABetterKing_Dark.png in Resources */ = {isa = PBXBuildFile; fileRef = 2FCCE018207806E3008A236D /* ABetterKing_Dark.png */; };
		C24F94F919798146008332AA /* Foundation.framework in Frameworks */ = {isa = PBXBuildFile; fileRef = C24F94F819798146008332AA /* Foundation.framework */; };
		C24F94FB19798146008332AA /* CoreGraphics.framework in Frameworks */ = {isa = PBXBuildFile; fileRef = C24F94FA19798146008332AA /* CoreGraphics.framework */; };
		C24F94FD19798146008332AA /* UIKit.framework in Frameworks */ = {isa = PBXBuildFile; fileRef = C24F94FC19798146008332AA /* UIKit.framework */; };
		C24F950319798146008332AA /* InfoPlist.strings in Resources */ = {isa = PBXBuildFile; fileRef = C24F950119798146008332AA /* InfoPlist.strings */; };
		C24F950519798146008332AA /* main.m in Sources */ = {isa = PBXBuildFile; fileRef = C24F950419798146008332AA /* main.m */; };
		C24F950919798146008332AA /* AppDelegate.m in Sources */ = {isa = PBXBuildFile; fileRef = C24F950819798146008332AA /* AppDelegate.m */; };
		C24F950C19798146008332AA /* Main.storyboard in Resources */ = {isa = PBXBuildFile; fileRef = C24F950A19798146008332AA /* Main.storyboard */; };
		C24F951119798146008332AA /* Images.xcassets in Resources */ = {isa = PBXBuildFile; fileRef = C24F951019798146008332AA /* Images.xcassets */; };
		C24F951919798146008332AA /* Foundation.framework in Frameworks */ = {isa = PBXBuildFile; fileRef = C24F94F819798146008332AA /* Foundation.framework */; };
		C24F951A19798146008332AA /* UIKit.framework in Frameworks */ = {isa = PBXBuildFile; fileRef = C24F94FC19798146008332AA /* UIKit.framework */; };
		CE1E67CA1EDC8229002B71B8 /* TwitterCore.framework in Frameworks */ = {isa = PBXBuildFile; fileRef = CE1E67C91EDC8229002B71B8 /* TwitterCore.framework */; };
		CE1E67CC1EDC8231002B71B8 /* TwitterKit.framework in Frameworks */ = {isa = PBXBuildFile; fileRef = CE1E67CB1EDC8231002B71B8 /* TwitterKit.framework */; };
		CE26F13D1EE12EF400F704E6 /* Resurrection Church-Info.plist in Resources */ = {isa = PBXBuildFile; fileRef = CE26F13B1EE12EF400F704E6 /* Resurrection Church-Info.plist */; };
		CE2D4DDF1DA4E2420028F1BA /* Fabric.framework in Frameworks */ = {isa = PBXBuildFile; fileRef = CE2D4DDD1DA4E2410028F1BA /* Fabric.framework */; };
		CE2D4DE01DA4E2420028F1BA /* Fabric.framework in Frameworks */ = {isa = PBXBuildFile; fileRef = CE2D4DDD1DA4E2410028F1BA /* Fabric.framework */; };
		CE2D4DE11DA4E2420028F1BA /* Crashlytics.framework in Frameworks */ = {isa = PBXBuildFile; fileRef = CE2D4DDE1DA4E2410028F1BA /* Crashlytics.framework */; };
		CE2D4DE21DA4E2420028F1BA /* Crashlytics.framework in Frameworks */ = {isa = PBXBuildFile; fileRef = CE2D4DDE1DA4E2410028F1BA /* Crashlytics.framework */; };
		CE3D49281D59917F00E3D380 /* Parse.framework in Frameworks */ = {isa = PBXBuildFile; fileRef = CE3D49271D59917F00E3D380 /* Parse.framework */; };
		CE5899591D8657AA008A51E0 /* Main.storyboard in Resources */ = {isa = PBXBuildFile; fileRef = C24F950A19798146008332AA /* Main.storyboard */; };
		CE758F401C62DDC6002C1AF8 /* resurrectionchurchlogowhite.png in Resources */ = {isa = PBXBuildFile; fileRef = CE758F3F1C62DDC6002C1AF8 /* resurrectionchurchlogowhite.png */; };
		CE8D9D831BD46B4C008CB9C1 /* Bolts.framework in Frameworks */ = {isa = PBXBuildFile; fileRef = CE8D9D811BD46B4C008CB9C1 /* Bolts.framework */; };
		CE8D9D841BD46B4C008CB9C1 /* Bolts.framework in Frameworks */ = {isa = PBXBuildFile; fileRef = CE8D9D811BD46B4C008CB9C1 /* Bolts.framework */; };
		CE8D9D931BD46EC1008CB9C1 /* AudioToolbox.framework in Frameworks */ = {isa = PBXBuildFile; fileRef = CE8D9D871BD46EC1008CB9C1 /* AudioToolbox.framework */; };
		CE8D9D941BD46EC1008CB9C1 /* CFNetwork.framework in Frameworks */ = {isa = PBXBuildFile; fileRef = CE8D9D881BD46EC1008CB9C1 /* CFNetwork.framework */; };
		CE8D9D951BD46EC1008CB9C1 /* CoreFoundation.framework in Frameworks */ = {isa = PBXBuildFile; fileRef = CE8D9D891BD46EC1008CB9C1 /* CoreFoundation.framework */; };
		CE8D9D961BD46EC1008CB9C1 /* CoreLocation.framework in Frameworks */ = {isa = PBXBuildFile; fileRef = CE8D9D8A1BD46EC1008CB9C1 /* CoreLocation.framework */; };
		CE8D9D971BD46EC1008CB9C1 /* libsqlite3.tbd in Frameworks */ = {isa = PBXBuildFile; fileRef = CE8D9D8B1BD46EC1008CB9C1 /* libsqlite3.tbd */; };
		CE8D9D981BD46EC1008CB9C1 /* libz.tbd in Frameworks */ = {isa = PBXBuildFile; fileRef = CE8D9D8C1BD46EC1008CB9C1 /* libz.tbd */; };
		CE8D9D991BD46EC1008CB9C1 /* PushKit.framework in Frameworks */ = {isa = PBXBuildFile; fileRef = CE8D9D8D1BD46EC1008CB9C1 /* PushKit.framework */; };
		CE8D9D9A1BD46EC1008CB9C1 /* QuartzCore.framework in Frameworks */ = {isa = PBXBuildFile; fileRef = CE8D9D8E1BD46EC1008CB9C1 /* QuartzCore.framework */; };
		CE8D9D9B1BD46EC1008CB9C1 /* Security.framework in Frameworks */ = {isa = PBXBuildFile; fileRef = CE8D9D8F1BD46EC1008CB9C1 /* Security.framework */; };
		CE8D9D9C1BD46EC1008CB9C1 /* Social.framework in Frameworks */ = {isa = PBXBuildFile; fileRef = CE8D9D901BD46EC1008CB9C1 /* Social.framework */; };
		CE8D9D9D1BD46EC1008CB9C1 /* StoreKit.framework in Frameworks */ = {isa = PBXBuildFile; fileRef = CE8D9D911BD46EC1008CB9C1 /* StoreKit.framework */; };
		CE8D9D9E1BD46EC1008CB9C1 /* SystemConfiguration.framework in Frameworks */ = {isa = PBXBuildFile; fileRef = CE8D9D921BD46EC1008CB9C1 /* SystemConfiguration.framework */; };
		CE9BFC181BD373D900C86859 /* launchscreen.storyboard in Resources */ = {isa = PBXBuildFile; fileRef = CE9BFC171BD373D900C86859 /* launchscreen.storyboard */; };
		CEFDC8481E9205D2009E599C /* IMG_3326.PNG in Resources */ = {isa = PBXBuildFile; fileRef = CEFDC8471E9205D2009E599C /* IMG_3326.PNG */; };
		E354A5A014C6BC73D72B5A9C /* Pods_Resurrection_ChurchTests.framework in Frameworks */ = {isa = PBXBuildFile; fileRef = B2B3D7C02C032B65B6A97535 /* Pods_Resurrection_ChurchTests.framework */; };
/* End PBXBuildFile section */

/* Begin PBXContainerItemProxy section */
		C24F951B19798146008332AA /* PBXContainerItemProxy */ = {
			isa = PBXContainerItemProxy;
			containerPortal = C24F94ED19798146008332AA /* Project object */;
			proxyType = 1;
			remoteGlobalIDString = C24F94F419798146008332AA;
			remoteInfo = Soundcloud;
		};
/* End PBXContainerItemProxy section */

/* Begin PBXFileReference section */
		253D336B9224548CAC7824D9 /* Pods-Resurrection ChurchTests.debug.xcconfig */ = {isa = PBXFileReference; includeInIndex = 1; lastKnownFileType = text.xcconfig; name = "Pods-Resurrection ChurchTests.debug.xcconfig"; path = "Pods/Target Support Files/Pods-Resurrection ChurchTests/Pods-Resurrection ChurchTests.debug.xcconfig"; sourceTree = "<group>"; };
		2F4D5B7620503E1E005AB472 /* mainViewController.swift */ = {isa = PBXFileReference; lastKnownFileType = sourcecode.swift; path = mainViewController.swift; sourceTree = "<group>"; };
		2F4D5B7F20508ADF005AB472 /* weeklyScripture.swift */ = {isa = PBXFileReference; lastKnownFileType = sourcecode.swift; path = weeklyScripture.swift; sourceTree = "<group>"; };
		2F81A21E2050EB07006C9FD5 /* GoogleService-Info.plist */ = {isa = PBXFileReference; fileEncoding = 4; lastKnownFileType = text.plist.xml; name = "GoogleService-Info.plist"; path = "../../../GoogleService-Info.plist"; sourceTree = "<group>"; };
		2F81A2292051D7AE006C9FD5 /* TableViewController.swift */ = {isa = PBXFileReference; fileEncoding = 4; lastKnownFileType = sourcecode.swift; path = TableViewController.swift; sourceTree = "<group>"; };
		2F81A22C2051D883006C9FD5 /* updatesTVC.swift */ = {isa = PBXFileReference; fileEncoding = 4; lastKnownFileType = sourcecode.swift; path = updatesTVC.swift; sourceTree = "<group>"; };
		2F961EFC2072BB9500520B04 /* SermonsIcon.png */ = {isa = PBXFileReference; lastKnownFileType = image.png; path = SermonsIcon.png; sourceTree = "<group>"; };
		2F961EFD2072BB9500520B04 /* Connect.png */ = {isa = PBXFileReference; lastKnownFileType = image.png; path = Connect.png; sourceTree = "<group>"; };
		2F961F002072BBE300520B04 /* ConnectSmallIcon.png */ = {isa = PBXFileReference; lastKnownFileType = image.png; path = ConnectSmallIcon.png; sourceTree = "<group>"; };
		2FCCDFFE2077EBCE008A236D /* connectVC.swift */ = {isa = PBXFileReference; lastKnownFileType = sourcecode.swift; path = connectVC.swift; sourceTree = "<group>"; };
		2FCCE00220780408008A236D /* Sermons.png */ = {isa = PBXFileReference; lastKnownFileType = image.png; name = Sermons.png; path = Images/Sermons.png; sourceTree = SOURCE_ROOT; };
		2FCCE00320780408008A236D /* S.png */ = {isa = PBXFileReference; lastKnownFileType = image.png; name = S.png; path = Images/S.png; sourceTree = SOURCE_ROOT; };
		2FCCE00420780408008A236D /* stripe.png */ = {isa = PBXFileReference; lastKnownFileType = image.png; name = stripe.png; path = Images/stripe.png; sourceTree = SOURCE_ROOT; };
		2FCCE00520780408008A236D /* C.png */ = {isa = PBXFileReference; lastKnownFileType = image.png; name = C.png; path = Images/C.png; sourceTree = SOURCE_ROOT; };
		2FCCE00620780408008A236D /* ResurrectionAppIcon.png */ = {isa = PBXFileReference; lastKnownFileType = image.png; name = ResurrectionAppIcon.png; path = Images/ResurrectionAppIcon.png; sourceTree = SOURCE_ROOT; };
		2FCCE010207804AC008A236D /* TWS.png */ = {isa = PBXFileReference; lastKnownFileType = image.png; name = TWS.png; path = Images/TWS.png; sourceTree = SOURCE_ROOT; };
		2FCCE015207805C0008A236D /* Give.png */ = {isa = PBXFileReference; lastKnownFileType = image.png; name = Give.png; path = Images/Give.png; sourceTree = SOURCE_ROOT; };
		2FCCE017207806E2008A236D /* bible.png */ = {isa = PBXFileReference; lastKnownFileType = image.png; name = bible.png; path = Images/bible.png; sourceTree = SOURCE_ROOT; };
		2FCCE018207806E3008A236D /* ABetterKing_Dark.png */ = {isa = PBXFileReference; lastKnownFileType = image.png; name = ABetterKing_Dark.png; path = Images/ABetterKing_Dark.png; sourceTree = SOURCE_ROOT; };
		55105633A3757614CCE2A971 /* Pods-Resurrection Church.debug.xcconfig */ = {isa = PBXFileReference; includeInIndex = 1; lastKnownFileType = text.xcconfig; name = "Pods-Resurrection Church.debug.xcconfig"; path = "Pods/Target Support Files/Pods-Resurrection Church/Pods-Resurrection Church.debug.xcconfig"; sourceTree = "<group>"; };
		7AC9CFDDE57B7B96FF41A628 /* Pods-Resurrection Church.release.xcconfig */ = {isa = PBXFileReference; includeInIndex = 1; lastKnownFileType = text.xcconfig; name = "Pods-Resurrection Church.release.xcconfig"; path = "Pods/Target Support Files/Pods-Resurrection Church/Pods-Resurrection Church.release.xcconfig"; sourceTree = "<group>"; };
		80336DB6DBC15807FE89ADF7 /* Pods-Resurrection ChurchTests.release.xcconfig */ = {isa = PBXFileReference; includeInIndex = 1; lastKnownFileType = text.xcconfig; name = "Pods-Resurrection ChurchTests.release.xcconfig"; path = "Pods/Target Support Files/Pods-Resurrection ChurchTests/Pods-Resurrection ChurchTests.release.xcconfig"; sourceTree = "<group>"; };
		B2B3D7C02C032B65B6A97535 /* Pods_Resurrection_ChurchTests.framework */ = {isa = PBXFileReference; explicitFileType = wrapper.framework; includeInIndex = 0; path = Pods_Resurrection_ChurchTests.framework; sourceTree = BUILT_PRODUCTS_DIR; };
		C24F94F519798146008332AA /* Resurrection Church.app */ = {isa = PBXFileReference; explicitFileType = wrapper.application; includeInIndex = 0; path = "Resurrection Church.app"; sourceTree = BUILT_PRODUCTS_DIR; };
		C24F94F819798146008332AA /* Foundation.framework */ = {isa = PBXFileReference; lastKnownFileType = wrapper.framework; name = Foundation.framework; path = System/Library/Frameworks/Foundation.framework; sourceTree = SDKROOT; };
		C24F94FA19798146008332AA /* CoreGraphics.framework */ = {isa = PBXFileReference; lastKnownFileType = wrapper.framework; name = CoreGraphics.framework; path = System/Library/Frameworks/CoreGraphics.framework; sourceTree = SDKROOT; };
		C24F94FC19798146008332AA /* UIKit.framework */ = {isa = PBXFileReference; lastKnownFileType = wrapper.framework; name = UIKit.framework; path = System/Library/Frameworks/UIKit.framework; sourceTree = SDKROOT; };
		C24F950219798146008332AA /* en */ = {isa = PBXFileReference; lastKnownFileType = text.plist.strings; name = en; path = en.lproj/InfoPlist.strings; sourceTree = "<group>"; };
		C24F950419798146008332AA /* main.m */ = {isa = PBXFileReference; lastKnownFileType = sourcecode.c.objc; path = main.m; sourceTree = "<group>"; };
		C24F950619798146008332AA /* Resurrection Church-Prefix.pch */ = {isa = PBXFileReference; lastKnownFileType = sourcecode.c.h; path = "Resurrection Church-Prefix.pch"; sourceTree = "<group>"; };
		C24F950719798146008332AA /* AppDelegate.h */ = {isa = PBXFileReference; lastKnownFileType = sourcecode.c.h; path = AppDelegate.h; sourceTree = "<group>"; };
		C24F950819798146008332AA /* AppDelegate.m */ = {isa = PBXFileReference; lastKnownFileType = sourcecode.c.objc; path = AppDelegate.m; sourceTree = "<group>"; };
		C24F950B19798146008332AA /* Base */ = {isa = PBXFileReference; lastKnownFileType = file.storyboard; name = Base; path = Base.lproj/Main.storyboard; sourceTree = "<group>"; };
		C24F951019798146008332AA /* Images.xcassets */ = {isa = PBXFileReference; lastKnownFileType = folder.assetcatalog; path = Images.xcassets; sourceTree = "<group>"; };
		C24F951619798146008332AA /* Resurrection Church.xctest */ = {isa = PBXFileReference; explicitFileType = wrapper.cfbundle; includeInIndex = 0; path = "Resurrection Church.xctest"; sourceTree = BUILT_PRODUCTS_DIR; };
		C725B45448817C9E66CCFEA4 /* Pods_Resurrection_Church.framework */ = {isa = PBXFileReference; explicitFileType = wrapper.framework; includeInIndex = 0; path = Pods_Resurrection_Church.framework; sourceTree = BUILT_PRODUCTS_DIR; };
		CE1E67C91EDC8229002B71B8 /* TwitterCore.framework */ = {isa = PBXFileReference; lastKnownFileType = wrapper.framework; path = TwitterCore.framework; sourceTree = "<group>"; };
		CE1E67CB1EDC8231002B71B8 /* TwitterKit.framework */ = {isa = PBXFileReference; lastKnownFileType = wrapper.framework; path = TwitterKit.framework; sourceTree = "<group>"; };
		CE26F13B1EE12EF400F704E6 /* Resurrection Church-Info.plist */ = {isa = PBXFileReference; fileEncoding = 4; lastKnownFileType = text.plist.xml; path = "Resurrection Church-Info.plist"; sourceTree = "<group>"; };
		CE2D4DDD1DA4E2410028F1BA /* Fabric.framework */ = {isa = PBXFileReference; lastKnownFileType = wrapper.framework; path = Fabric.framework; sourceTree = "<group>"; };
		CE2D4DDE1DA4E2410028F1BA /* Crashlytics.framework */ = {isa = PBXFileReference; lastKnownFileType = wrapper.framework; path = Crashlytics.framework; sourceTree = "<group>"; };
		CE3D49271D59917F00E3D380 /* Parse.framework */ = {isa = PBXFileReference; lastKnownFileType = wrapper.framework; path = Parse.framework; sourceTree = "<group>"; };
		CE758F3F1C62DDC6002C1AF8 /* resurrectionchurchlogowhite.png */ = {isa = PBXFileReference; lastKnownFileType = image.png; path = resurrectionchurchlogowhite.png; sourceTree = "<group>"; };
		CE8D9D811BD46B4C008CB9C1 /* Bolts.framework */ = {isa = PBXFileReference; lastKnownFileType = wrapper.framework; path = Bolts.framework; sourceTree = "<group>"; };
		CE8D9D871BD46EC1008CB9C1 /* AudioToolbox.framework */ = {isa = PBXFileReference; lastKnownFileType = wrapper.framework; name = AudioToolbox.framework; path = System/Library/Frameworks/AudioToolbox.framework; sourceTree = SDKROOT; };
		CE8D9D881BD46EC1008CB9C1 /* CFNetwork.framework */ = {isa = PBXFileReference; lastKnownFileType = wrapper.framework; name = CFNetwork.framework; path = System/Library/Frameworks/CFNetwork.framework; sourceTree = SDKROOT; };
		CE8D9D891BD46EC1008CB9C1 /* CoreFoundation.framework */ = {isa = PBXFileReference; lastKnownFileType = wrapper.framework; name = CoreFoundation.framework; path = System/Library/Frameworks/CoreFoundation.framework; sourceTree = SDKROOT; };
		CE8D9D8A1BD46EC1008CB9C1 /* CoreLocation.framework */ = {isa = PBXFileReference; lastKnownFileType = wrapper.framework; name = CoreLocation.framework; path = System/Library/Frameworks/CoreLocation.framework; sourceTree = SDKROOT; };
		CE8D9D8B1BD46EC1008CB9C1 /* libsqlite3.tbd */ = {isa = PBXFileReference; lastKnownFileType = "sourcecode.text-based-dylib-definition"; name = libsqlite3.tbd; path = usr/lib/libsqlite3.tbd; sourceTree = SDKROOT; };
		CE8D9D8C1BD46EC1008CB9C1 /* libz.tbd */ = {isa = PBXFileReference; lastKnownFileType = "sourcecode.text-based-dylib-definition"; name = libz.tbd; path = usr/lib/libz.tbd; sourceTree = SDKROOT; };
		CE8D9D8D1BD46EC1008CB9C1 /* PushKit.framework */ = {isa = PBXFileReference; lastKnownFileType = wrapper.framework; name = PushKit.framework; path = System/Library/Frameworks/PushKit.framework; sourceTree = SDKROOT; };
		CE8D9D8E1BD46EC1008CB9C1 /* QuartzCore.framework */ = {isa = PBXFileReference; lastKnownFileType = wrapper.framework; name = QuartzCore.framework; path = System/Library/Frameworks/QuartzCore.framework; sourceTree = SDKROOT; };
		CE8D9D8F1BD46EC1008CB9C1 /* Security.framework */ = {isa = PBXFileReference; lastKnownFileType = wrapper.framework; name = Security.framework; path = System/Library/Frameworks/Security.framework; sourceTree = SDKROOT; };
		CE8D9D901BD46EC1008CB9C1 /* Social.framework */ = {isa = PBXFileReference; lastKnownFileType = wrapper.framework; name = Social.framework; path = System/Library/Frameworks/Social.framework; sourceTree = SDKROOT; };
		CE8D9D911BD46EC1008CB9C1 /* StoreKit.framework */ = {isa = PBXFileReference; lastKnownFileType = wrapper.framework; name = StoreKit.framework; path = System/Library/Frameworks/StoreKit.framework; sourceTree = SDKROOT; };
		CE8D9D921BD46EC1008CB9C1 /* SystemConfiguration.framework */ = {isa = PBXFileReference; lastKnownFileType = wrapper.framework; name = SystemConfiguration.framework; path = System/Library/Frameworks/SystemConfiguration.framework; sourceTree = SDKROOT; };
		CE8D9D9F1BD4707A008CB9C1 /* Resurrection Church-Bridging-Header.h */ = {isa = PBXFileReference; lastKnownFileType = sourcecode.c.h; path = "Resurrection Church-Bridging-Header.h"; sourceTree = "<group>"; };
		CE8D9DA01BD4707A008CB9C1 /* Resurrection ChurchTests-Bridging-Header.h */ = {isa = PBXFileReference; lastKnownFileType = sourcecode.c.h; path = "Resurrection ChurchTests-Bridging-Header.h"; sourceTree = "<group>"; };
		CE9BFC171BD373D900C86859 /* launchscreen.storyboard */ = {isa = PBXFileReference; fileEncoding = 4; lastKnownFileType = file.storyboard; path = launchscreen.storyboard; sourceTree = "<group>"; };
		CED62AC51DE8051800B7343A /* Resurrection Church.entitlements */ = {isa = PBXFileReference; lastKnownFileType = text.plist.entitlements; name = "Resurrection Church.entitlements"; path = "Resurrection Church/Resurrection Church.entitlements"; sourceTree = "<group>"; };
		CEFDC8471E9205D2009E599C /* IMG_3326.PNG */ = {isa = PBXFileReference; lastKnownFileType = image.png; path = IMG_3326.PNG; sourceTree = "<group>"; };
/* End PBXFileReference section */

/* Begin PBXFrameworksBuildPhase section */
		C24F94F219798146008332AA /* Frameworks */ = {
			isa = PBXFrameworksBuildPhase;
			buildActionMask = 2147483647;
			files = (
				CE3D49281D59917F00E3D380 /* Parse.framework in Frameworks */,
				CE8D9D831BD46B4C008CB9C1 /* Bolts.framework in Frameworks */,
				CE2D4DE11DA4E2420028F1BA /* Crashlytics.framework in Frameworks */,
				CE8D9D931BD46EC1008CB9C1 /* AudioToolbox.framework in Frameworks */,
				CE8D9D941BD46EC1008CB9C1 /* CFNetwork.framework in Frameworks */,
				CE1E67CC1EDC8231002B71B8 /* TwitterKit.framework in Frameworks */,
				CE8D9D951BD46EC1008CB9C1 /* CoreFoundation.framework in Frameworks */,
				CE2D4DDF1DA4E2420028F1BA /* Fabric.framework in Frameworks */,
				CE8D9D961BD46EC1008CB9C1 /* CoreLocation.framework in Frameworks */,
				CE8D9D971BD46EC1008CB9C1 /* libsqlite3.tbd in Frameworks */,
				CE8D9D981BD46EC1008CB9C1 /* libz.tbd in Frameworks */,
				CE8D9D991BD46EC1008CB9C1 /* PushKit.framework in Frameworks */,
				CE8D9D9A1BD46EC1008CB9C1 /* QuartzCore.framework in Frameworks */,
				CE8D9D9B1BD46EC1008CB9C1 /* Security.framework in Frameworks */,
				CE8D9D9C1BD46EC1008CB9C1 /* Social.framework in Frameworks */,
				CE8D9D9D1BD46EC1008CB9C1 /* StoreKit.framework in Frameworks */,
				CE8D9D9E1BD46EC1008CB9C1 /* SystemConfiguration.framework in Frameworks */,
				CE1E67CA1EDC8229002B71B8 /* TwitterCore.framework in Frameworks */,
				C24F94FB19798146008332AA /* CoreGraphics.framework in Frameworks */,
				C24F94FD19798146008332AA /* UIKit.framework in Frameworks */,
				C24F94F919798146008332AA /* Foundation.framework in Frameworks */,
				14815DAA28203FDB56409EDC /* Pods_Resurrection_Church.framework in Frameworks */,
			);
			runOnlyForDeploymentPostprocessing = 0;
		};
		C24F951319798146008332AA /* Frameworks */ = {
			isa = PBXFrameworksBuildPhase;
			buildActionMask = 2147483647;
			files = (
				C24F951A19798146008332AA /* UIKit.framework in Frameworks */,
				C24F951919798146008332AA /* Foundation.framework in Frameworks */,
				CE8D9D841BD46B4C008CB9C1 /* Bolts.framework in Frameworks */,
				E354A5A014C6BC73D72B5A9C /* Pods_Resurrection_ChurchTests.framework in Frameworks */,
				CE2D4DE01DA4E2420028F1BA /* Fabric.framework in Frameworks */,
				CE2D4DE21DA4E2420028F1BA /* Crashlytics.framework in Frameworks */,
			);
			runOnlyForDeploymentPostprocessing = 0;
		};
/* End PBXFrameworksBuildPhase section */

/* Begin PBXGroup section */
		09E4FF8D8CB82ED889160041 /* Pods */ = {
			isa = PBXGroup;
			children = (
				55105633A3757614CCE2A971 /* Pods-Resurrection Church.debug.xcconfig */,
				7AC9CFDDE57B7B96FF41A628 /* Pods-Resurrection Church.release.xcconfig */,
				253D336B9224548CAC7824D9 /* Pods-Resurrection ChurchTests.debug.xcconfig */,
				80336DB6DBC15807FE89ADF7 /* Pods-Resurrection ChurchTests.release.xcconfig */,
			);
			name = Pods;
			sourceTree = "<group>";
		};
		C20A28C1197E51EE00B5B4ED /* Data */ = {
			isa = PBXGroup;
			children = (
				C24F94FF19798146008332AA /* Supporting Files */,
				C24F951019798146008332AA /* Images.xcassets */,
			);
			name = Data;
			sourceTree = "<group>";
		};
		C24F94EC19798146008332AA = {
			isa = PBXGroup;
			children = (
				CED62AC51DE8051800B7343A /* Resurrection Church.entitlements */,
				C24F94F719798146008332AA /* Frameworks */,
				C24F94FE19798146008332AA /* Soundcloud */,
				C24F94F619798146008332AA /* Products */,
				CE2D4DDD1DA4E2410028F1BA /* Fabric.framework */,
				CE2D4DDE1DA4E2410028F1BA /* Crashlytics.framework */,
				09E4FF8D8CB82ED889160041 /* Pods */,
			);
			sourceTree = "<group>";
		};
		C24F94F619798146008332AA /* Products */ = {
			isa = PBXGroup;
			children = (
				C24F94F519798146008332AA /* Resurrection Church.app */,
				C24F951619798146008332AA /* Resurrection Church.xctest */,
			);
			name = Products;
			sourceTree = "<group>";
		};
		C24F94F719798146008332AA /* Frameworks */ = {
			isa = PBXGroup;
			children = (
				CE1E67CB1EDC8231002B71B8 /* TwitterKit.framework */,
				CE1E67C91EDC8229002B71B8 /* TwitterCore.framework */,
				CE3D49271D59917F00E3D380 /* Parse.framework */,
				CE8D9D871BD46EC1008CB9C1 /* AudioToolbox.framework */,
				CE8D9D881BD46EC1008CB9C1 /* CFNetwork.framework */,
				CE8D9D891BD46EC1008CB9C1 /* CoreFoundation.framework */,
				CE8D9D8A1BD46EC1008CB9C1 /* CoreLocation.framework */,
				CE8D9D8B1BD46EC1008CB9C1 /* libsqlite3.tbd */,
				CE8D9D8C1BD46EC1008CB9C1 /* libz.tbd */,
				CE8D9D8D1BD46EC1008CB9C1 /* PushKit.framework */,
				CE8D9D8E1BD46EC1008CB9C1 /* QuartzCore.framework */,
				CE8D9D8F1BD46EC1008CB9C1 /* Security.framework */,
				CE8D9D901BD46EC1008CB9C1 /* Social.framework */,
				CE8D9D911BD46EC1008CB9C1 /* StoreKit.framework */,
				CE8D9D921BD46EC1008CB9C1 /* SystemConfiguration.framework */,
				CE8D9D811BD46B4C008CB9C1 /* Bolts.framework */,
				C24F94F819798146008332AA /* Foundation.framework */,
				C24F94FA19798146008332AA /* CoreGraphics.framework */,
				C24F94FC19798146008332AA /* UIKit.framework */,
				C725B45448817C9E66CCFEA4 /* Pods_Resurrection_Church.framework */,
				B2B3D7C02C032B65B6A97535 /* Pods_Resurrection_ChurchTests.framework */,
			);
			name = Frameworks;
			sourceTree = "<group>";
		};
		C24F94FE19798146008332AA /* Soundcloud */ = {
			isa = PBXGroup;
			children = (
				CE9BFC191BD3871600C86859 /* Images */,
				C20A28C1197E51EE00B5B4ED /* Data */,
				C24F950719798146008332AA /* AppDelegate.h */,
				C24F950819798146008332AA /* AppDelegate.m */,
				2FCCDFFE2077EBCE008A236D /* connectVC.swift */,
				2F4D5B7620503E1E005AB472 /* mainViewController.swift */,
				2F81A22C2051D883006C9FD5 /* updatesTVC.swift */,
				2F4D5B7F20508ADF005AB472 /* weeklyScripture.swift */,
				2F81A2292051D7AE006C9FD5 /* TableViewController.swift */,
				C24F950A19798146008332AA /* Main.storyboard */,
				CE9BFC171BD373D900C86859 /* launchscreen.storyboard */,
				CE8D9D9F1BD4707A008CB9C1 /* Resurrection Church-Bridging-Header.h */,
				CE8D9DA01BD4707A008CB9C1 /* Resurrection ChurchTests-Bridging-Header.h */,
			);
			path = Soundcloud;
			sourceTree = "<group>";
		};
		C24F94FF19798146008332AA /* Supporting Files */ = {
			isa = PBXGroup;
			children = (
				CE26F13B1EE12EF400F704E6 /* Resurrection Church-Info.plist */,
				2F81A21E2050EB07006C9FD5 /* GoogleService-Info.plist */,
				C24F950119798146008332AA /* InfoPlist.strings */,
				C24F950419798146008332AA /* main.m */,
				C24F950619798146008332AA /* Resurrection Church-Prefix.pch */,
			);
			name = "Supporting Files";
			sourceTree = "<group>";
		};
		CE9BFC191BD3871600C86859 /* Images */ = {
			isa = PBXGroup;
			children = (
				2FCCE018207806E3008A236D /* ABetterKing_Dark.png */,
				2FCCE017207806E2008A236D /* bible.png */,
				2FCCE015207805C0008A236D /* Give.png */,
				2FCCE010207804AC008A236D /* TWS.png */,
				2FCCE00520780408008A236D /* C.png */,
				2FCCE00620780408008A236D /* ResurrectionAppIcon.png */,
				2FCCE00320780408008A236D /* S.png */,
				2FCCE00220780408008A236D /* Sermons.png */,
				2FCCE00420780408008A236D /* stripe.png */,
				2F961F002072BBE300520B04 /* ConnectSmallIcon.png */,
				2F961EFD2072BB9500520B04 /* Connect.png */,
				2F961EFC2072BB9500520B04 /* SermonsIcon.png */,
				CE758F3F1C62DDC6002C1AF8 /* resurrectionchurchlogowhite.png */,
				CEFDC8471E9205D2009E599C /* IMG_3326.PNG */,
			);
			name = Images;
			sourceTree = "<group>";
		};
/* End PBXGroup section */

/* Begin PBXNativeTarget section */
		C24F94F419798146008332AA /* Resurrection Church */ = {
			isa = PBXNativeTarget;
			buildConfigurationList = C24F952719798146008332AA /* Build configuration list for PBXNativeTarget "Resurrection Church" */;
			buildPhases = (
				8EF25296560F1D47D133C6C2 /* [CP] Check Pods Manifest.lock */,
				C24F94F119798146008332AA /* Sources */,
				C24F94F219798146008332AA /* Frameworks */,
				C24F94F319798146008332AA /* Resources */,
				4506AEABD7BD1EA5941C65B6 /* [CP] Embed Pods Frameworks */,
				B3DBBC3B42023EC4BFF8FD51 /* [CP] Copy Pods Resources */,
				CE2D4DDC1DA4E1E00028F1BA /* ShellScript */,
			);
			buildRules = (
			);
			dependencies = (
			);
			name = "Resurrection Church";
			productName = Soundcloud;
			productReference = C24F94F519798146008332AA /* Resurrection Church.app */;
			productType = "com.apple.product-type.application";
		};
		C24F951519798146008332AA /* Resurrection ChurchTests */ = {
			isa = PBXNativeTarget;
			buildConfigurationList = C24F952A19798146008332AA /* Build configuration list for PBXNativeTarget "Resurrection ChurchTests" */;
			buildPhases = (
				4DBB35636CB1BD3728D2ACED /* [CP] Check Pods Manifest.lock */,
				C24F951219798146008332AA /* Sources */,
				C24F951319798146008332AA /* Frameworks */,
				C24F951419798146008332AA /* Resources */,
				746C755326140491340CE2F2 /* [CP] Embed Pods Frameworks */,
				EA6D883C308B898BF1969853 /* [CP] Copy Pods Resources */,
				CE6E59861ED8D34200336907 /* ShellScript */,
			);
			buildRules = (
			);
			dependencies = (
				C24F951C19798146008332AA /* PBXTargetDependency */,
			);
			name = "Resurrection ChurchTests";
			productName = SoundcloudTests;
			productReference = C24F951619798146008332AA /* Resurrection Church.xctest */;
			productType = "com.apple.product-type.bundle.unit-test";
		};
/* End PBXNativeTarget section */

/* Begin PBXProject section */
		C24F94ED19798146008332AA /* Project object */ = {
			isa = PBXProject;
			attributes = {
				LastSwiftUpdateCheck = 0700;
				LastUpgradeCheck = 0920;
				ORGANIZATIONNAME = "Resurrection Church";
				TargetAttributes = {
					C24F94F419798146008332AA = {
						DevelopmentTeam = SUE63EEZ2H;
						LastSwiftMigration = 0920;
						SystemCapabilities = {
							com.apple.BackgroundModes = {
								enabled = 1;
							};
							com.apple.DataProtection = {
								enabled = 0;
							};
							com.apple.Keychain = {
								enabled = 1;
							};
							com.apple.Push = {
								enabled = 1;
							};
							com.apple.Siri = {
								enabled = 0;
							};
							com.apple.iCloud = {
								enabled = 0;
							};
						};
					};
					C24F951519798146008332AA = {
						DevelopmentTeam = SUE63EEZ2H;
						LastSwiftMigration = 0920;
						TestTargetID = C24F94F419798146008332AA;
					};
				};
			};
			buildConfigurationList = C24F94F019798146008332AA /* Build configuration list for PBXProject "Resurrection Church" */;
			compatibilityVersion = "Xcode 3.2";
			developmentRegion = English;
			hasScannedForEncodings = 0;
			knownRegions = (
				en,
				Base,
			);
			mainGroup = C24F94EC19798146008332AA;
			productRefGroup = C24F94F619798146008332AA /* Products */;
			projectDirPath = "";
			projectRoot = "";
			targets = (
				C24F94F419798146008332AA /* Resurrection Church */,
				C24F951519798146008332AA /* Resurrection ChurchTests */,
			);
		};
/* End PBXProject section */

/* Begin PBXResourcesBuildPhase section */
		C24F94F319798146008332AA /* Resources */ = {
			isa = PBXResourcesBuildPhase;
			buildActionMask = 2147483647;
			files = (
				C24F951119798146008332AA /* Images.xcassets in Resources */,
				2FCCE00B20780409008A236D /* stripe.png in Resources */,
				2FCCE019207806E3008A236D /* bible.png in Resources */,
				2F961EFE2072BB9500520B04 /* SermonsIcon.png in Resources */,
				2FCCE01A207806E3008A236D /* ABetterKing_Dark.png in Resources */,
				2F81A21F2050EB07006C9FD5 /* GoogleService-Info.plist in Resources */,
				2FCCE00A20780409008A236D /* S.png in Resources */,
				2F961EFF2072BB9500520B04 /* Connect.png in Resources */,
				CEFDC8481E9205D2009E599C /* IMG_3326.PNG in Resources */,
				C24F950319798146008332AA /* InfoPlist.strings in Resources */,
				2FCCE012207804AC008A236D /* TWS.png in Resources */,
				C24F950C19798146008332AA /* Main.storyboard in Resources */,
				2FCCE00920780409008A236D /* Sermons.png in Resources */,
				CE9BFC181BD373D900C86859 /* launchscreen.storyboard in Resources */,
				2FCCE00C20780409008A236D /* C.png in Resources */,
				2FCCE00D20780409008A236D /* ResurrectionAppIcon.png in Resources */,
				CE758F401C62DDC6002C1AF8 /* resurrectionchurchlogowhite.png in Resources */,
				2F961F012072BBE300520B04 /* ConnectSmallIcon.png in Resources */,
				2FCCE016207805C0008A236D /* Give.png in Resources */,
			);
			runOnlyForDeploymentPostprocessing = 0;
		};
		C24F951419798146008332AA /* Resources */ = {
			isa = PBXResourcesBuildPhase;
			buildActionMask = 2147483647;
			files = (
				CE5899591D8657AA008A51E0 /* Main.storyboard in Resources */,
				CE26F13D1EE12EF400F704E6 /* Resurrection Church-Info.plist in Resources */,
				2F81A2202050EB07006C9FD5 /* GoogleService-Info.plist in Resources */,
			);
			runOnlyForDeploymentPostprocessing = 0;
		};
/* End PBXResourcesBuildPhase section */

/* Begin PBXShellScriptBuildPhase section */
		4506AEABD7BD1EA5941C65B6 /* [CP] Embed Pods Frameworks */ = {
			isa = PBXShellScriptBuildPhase;
			buildActionMask = 2147483647;
			files = (
			);
			inputPaths = (
				"${SRCROOT}/Pods/Target Support Files/Pods-Resurrection Church/Pods-Resurrection Church-frameworks.sh",
				"${BUILT_PRODUCTS_DIR}/GoogleToolboxForMac/GoogleToolboxForMac.framework",
				"${BUILT_PRODUCTS_DIR}/Protobuf/Protobuf.framework",
				"${BUILT_PRODUCTS_DIR}/leveldb-library/leveldb.framework",
				"${BUILT_PRODUCTS_DIR}/nanopb/nanopb.framework",
			);
			name = "[CP] Embed Pods Frameworks";
			outputPaths = (
				"${TARGET_BUILD_DIR}/${FRAMEWORKS_FOLDER_PATH}/GoogleToolboxForMac.framework",
				"${TARGET_BUILD_DIR}/${FRAMEWORKS_FOLDER_PATH}/Protobuf.framework",
				"${TARGET_BUILD_DIR}/${FRAMEWORKS_FOLDER_PATH}/leveldb.framework",
				"${TARGET_BUILD_DIR}/${FRAMEWORKS_FOLDER_PATH}/nanopb.framework",
			);
			runOnlyForDeploymentPostprocessing = 0;
			shellPath = /bin/sh;
			shellScript = "\"${SRCROOT}/Pods/Target Support Files/Pods-Resurrection Church/Pods-Resurrection Church-frameworks.sh\"\n";
			showEnvVarsInLog = 0;
		};
		4DBB35636CB1BD3728D2ACED /* [CP] Check Pods Manifest.lock */ = {
			isa = PBXShellScriptBuildPhase;
			buildActionMask = 2147483647;
			files = (
			);
			inputPaths = (
				"${PODS_PODFILE_DIR_PATH}/Podfile.lock",
				"${PODS_ROOT}/Manifest.lock",
			);
			name = "[CP] Check Pods Manifest.lock";
			outputPaths = (
				"$(DERIVED_FILE_DIR)/Pods-Resurrection ChurchTests-checkManifestLockResult.txt",
			);
			runOnlyForDeploymentPostprocessing = 0;
			shellPath = /bin/sh;
			shellScript = "diff \"${PODS_PODFILE_DIR_PATH}/Podfile.lock\" \"${PODS_ROOT}/Manifest.lock\" > /dev/null\nif [ $? != 0 ] ; then\n    # print error to STDERR\n    echo \"error: The sandbox is not in sync with the Podfile.lock. Run 'pod install' or update your CocoaPods installation.\" >&2\n    exit 1\nfi\n# This output is used by Xcode 'outputs' to avoid re-running this script phase.\necho \"SUCCESS\" > \"${SCRIPT_OUTPUT_FILE_0}\"\n";
			showEnvVarsInLog = 0;
		};
		746C755326140491340CE2F2 /* [CP] Embed Pods Frameworks */ = {
			isa = PBXShellScriptBuildPhase;
			buildActionMask = 2147483647;
			files = (
			);
			inputPaths = (
			);
			name = "[CP] Embed Pods Frameworks";
			outputPaths = (
			);
			runOnlyForDeploymentPostprocessing = 0;
			shellPath = /bin/sh;
			shellScript = "\"${SRCROOT}/Pods/Target Support Files/Pods-Resurrection ChurchTests/Pods-Resurrection ChurchTests-frameworks.sh\"\n";
			showEnvVarsInLog = 0;
		};
		8EF25296560F1D47D133C6C2 /* [CP] Check Pods Manifest.lock */ = {
			isa = PBXShellScriptBuildPhase;
			buildActionMask = 2147483647;
			files = (
			);
			inputPaths = (
				"${PODS_PODFILE_DIR_PATH}/Podfile.lock",
				"${PODS_ROOT}/Manifest.lock",
			);
			name = "[CP] Check Pods Manifest.lock";
			outputPaths = (
				"$(DERIVED_FILE_DIR)/Pods-Resurrection Church-checkManifestLockResult.txt",
			);
			runOnlyForDeploymentPostprocessing = 0;
			shellPath = /bin/sh;
			shellScript = "diff \"${PODS_PODFILE_DIR_PATH}/Podfile.lock\" \"${PODS_ROOT}/Manifest.lock\" > /dev/null\nif [ $? != 0 ] ; then\n    # print error to STDERR\n    echo \"error: The sandbox is not in sync with the Podfile.lock. Run 'pod install' or update your CocoaPods installation.\" >&2\n    exit 1\nfi\n# This output is used by Xcode 'outputs' to avoid re-running this script phase.\necho \"SUCCESS\" > \"${SCRIPT_OUTPUT_FILE_0}\"\n";
			showEnvVarsInLog = 0;
		};
		B3DBBC3B42023EC4BFF8FD51 /* [CP] Copy Pods Resources */ = {
			isa = PBXShellScriptBuildPhase;
			buildActionMask = 2147483647;
			files = (
			);
			inputPaths = (
				"${SRCROOT}/Pods/Target Support Files/Pods-Resurrection Church/Pods-Resurrection Church-resources.sh",
				"${PODS_ROOT}/TwitterKit/iOS/TwitterKit.framework/Versions/A/Resources/TwitterKitResources.bundle",
			);
			name = "[CP] Copy Pods Resources";
			outputPaths = (
				"${TARGET_BUILD_DIR}/${UNLOCALIZED_RESOURCES_FOLDER_PATH}/TwitterKitResources.bundle",
			);
			runOnlyForDeploymentPostprocessing = 0;
			shellPath = /bin/sh;
			shellScript = "\"${SRCROOT}/Pods/Target Support Files/Pods-Resurrection Church/Pods-Resurrection Church-resources.sh\"\n";
			showEnvVarsInLog = 0;
		};
		CE2D4DDC1DA4E1E00028F1BA /* ShellScript */ = {
			isa = PBXShellScriptBuildPhase;
			buildActionMask = 2147483647;
			files = (
			);
			inputPaths = (
			);
			outputPaths = (
			);
			runOnlyForDeploymentPostprocessing = 0;
			shellPath = /bin/sh;
			shellScript = "\"${PODS_ROOT}/Fabric/run\" e7f7c6de447c6c9f1539ee00c09bd7d5041b6343 aa1a0847c008b432239e237b699b53d6d4067827bae5ee80736bf96b352cb4f2";
		};
		CE6E59861ED8D34200336907 /* ShellScript */ = {
			isa = PBXShellScriptBuildPhase;
			buildActionMask = 2147483647;
			files = (
			);
			inputPaths = (
			);
			outputPaths = (
			);
			runOnlyForDeploymentPostprocessing = 0;
			shellPath = /bin/sh;
			shellScript = "\"${PODS_ROOT}/Fabric/run\" e7f7c6de447c6c9f1539ee00c09bd7d5041b6343 aa1a0847c008b432239e237b699b53d6d4067827bae5ee80736bf96b352cb4f2";
		};
		EA6D883C308B898BF1969853 /* [CP] Copy Pods Resources */ = {
			isa = PBXShellScriptBuildPhase;
			buildActionMask = 2147483647;
			files = (
			);
			inputPaths = (
			);
			name = "[CP] Copy Pods Resources";
			outputPaths = (
			);
			runOnlyForDeploymentPostprocessing = 0;
			shellPath = /bin/sh;
			shellScript = "\"${SRCROOT}/Pods/Target Support Files/Pods-Resurrection ChurchTests/Pods-Resurrection ChurchTests-resources.sh\"\n";
			showEnvVarsInLog = 0;
		};
/* End PBXShellScriptBuildPhase section */

/* Begin PBXSourcesBuildPhase section */
		C24F94F119798146008332AA /* Sources */ = {
			isa = PBXSourcesBuildPhase;
			buildActionMask = 2147483647;
			files = (
				2F81A22A2051D7AE006C9FD5 /* TableViewController.swift in Sources */,
				2F81A22D2051D883006C9FD5 /* updatesTVC.swift in Sources */,
				2F4D5B7720503E1E005AB472 /* mainViewController.swift in Sources */,
				C24F950919798146008332AA /* AppDelegate.m in Sources */,
				2FCCDFFF2077EBCE008A236D /* connectVC.swift in Sources */,
				C24F950519798146008332AA /* main.m in Sources */,
				2F4D5B8020508ADF005AB472 /* weeklyScripture.swift in Sources */,
			);
			runOnlyForDeploymentPostprocessing = 0;
		};
		C24F951219798146008332AA /* Sources */ = {
			isa = PBXSourcesBuildPhase;
			buildActionMask = 2147483647;
			files = (
				2F4D5B7820503E1E005AB472 /* mainViewController.swift in Sources */,
				2F81A22B2051D7AE006C9FD5 /* TableViewController.swift in Sources */,
				2F81A22E2051D883006C9FD5 /* updatesTVC.swift in Sources */,
				2F4D5B8120508ADF005AB472 /* weeklyScripture.swift in Sources */,
			);
			runOnlyForDeploymentPostprocessing = 0;
		};
/* End PBXSourcesBuildPhase section */

/* Begin PBXTargetDependency section */
		C24F951C19798146008332AA /* PBXTargetDependency */ = {
			isa = PBXTargetDependency;
			target = C24F94F419798146008332AA /* Resurrection Church */;
			targetProxy = C24F951B19798146008332AA /* PBXContainerItemProxy */;
		};
/* End PBXTargetDependency section */

/* Begin PBXVariantGroup section */
		C24F950119798146008332AA /* InfoPlist.strings */ = {
			isa = PBXVariantGroup;
			children = (
				C24F950219798146008332AA /* en */,
			);
			name = InfoPlist.strings;
			sourceTree = "<group>";
		};
		C24F950A19798146008332AA /* Main.storyboard */ = {
			isa = PBXVariantGroup;
			children = (
				C24F950B19798146008332AA /* Base */,
			);
			name = Main.storyboard;
			sourceTree = "<group>";
		};
/* End PBXVariantGroup section */

/* Begin XCBuildConfiguration section */
		C24F952519798146008332AA /* Debug */ = {
			isa = XCBuildConfiguration;
			buildSettings = {
				ALWAYS_SEARCH_USER_PATHS = NO;
				CLANG_CXX_LANGUAGE_STANDARD = "gnu++0x";
				CLANG_CXX_LIBRARY = "libc++";
				CLANG_ENABLE_MODULES = YES;
				CLANG_ENABLE_OBJC_ARC = YES;
				CLANG_WARN_BLOCK_CAPTURE_AUTORELEASING = YES;
				CLANG_WARN_BOOL_CONVERSION = YES;
				CLANG_WARN_COMMA = YES;
				CLANG_WARN_CONSTANT_CONVERSION = YES;
				CLANG_WARN_DIRECT_OBJC_ISA_USAGE = YES_ERROR;
				CLANG_WARN_EMPTY_BODY = YES;
				CLANG_WARN_ENUM_CONVERSION = YES;
				CLANG_WARN_INFINITE_RECURSION = YES;
				CLANG_WARN_INT_CONVERSION = YES;
				CLANG_WARN_NON_LITERAL_NULL_CONVERSION = YES;
				CLANG_WARN_OBJC_LITERAL_CONVERSION = YES;
				CLANG_WARN_OBJC_ROOT_CLASS = YES_ERROR;
				CLANG_WARN_RANGE_LOOP_ANALYSIS = YES;
				CLANG_WARN_STRICT_PROTOTYPES = YES;
				CLANG_WARN_SUSPICIOUS_MOVE = YES;
				CLANG_WARN_UNREACHABLE_CODE = YES;
				CLANG_WARN__DUPLICATE_METHOD_MATCH = YES;
				"CODE_SIGN_IDENTITY[sdk=iphoneos*]" = "iPhone Developer";
				COPY_PHASE_STRIP = NO;
				ENABLE_STRICT_OBJC_MSGSEND = YES;
				ENABLE_TESTABILITY = YES;
				GCC_C_LANGUAGE_STANDARD = gnu99;
				GCC_DYNAMIC_NO_PIC = NO;
				GCC_NO_COMMON_BLOCKS = YES;
				GCC_OPTIMIZATION_LEVEL = 0;
				GCC_PREPROCESSOR_DEFINITIONS = (
					"DEBUG=1",
					"$(inherited)",
				);
				GCC_SYMBOLS_PRIVATE_EXTERN = NO;
				GCC_WARN_64_TO_32_BIT_CONVERSION = YES;
				GCC_WARN_ABOUT_RETURN_TYPE = YES_ERROR;
				GCC_WARN_UNDECLARED_SELECTOR = YES;
				GCC_WARN_UNINITIALIZED_AUTOS = YES_AGGRESSIVE;
				GCC_WARN_UNUSED_FUNCTION = YES;
				GCC_WARN_UNUSED_VARIABLE = YES;
				INFOPLIST_FILE = "Soundcloud/Resurrection Church-Info.plist";
				IPHONEOS_DEPLOYMENT_TARGET = 8.1;
				ONLY_ACTIVE_ARCH = YES;
				SDKROOT = iphoneos;
			};
			name = Debug;
		};
		C24F952619798146008332AA /* Release */ = {
			isa = XCBuildConfiguration;
			buildSettings = {
				ALWAYS_SEARCH_USER_PATHS = NO;
				CLANG_CXX_LANGUAGE_STANDARD = "gnu++0x";
				CLANG_CXX_LIBRARY = "libc++";
				CLANG_ENABLE_MODULES = YES;
				CLANG_ENABLE_OBJC_ARC = YES;
				CLANG_WARN_BLOCK_CAPTURE_AUTORELEASING = YES;
				CLANG_WARN_BOOL_CONVERSION = YES;
				CLANG_WARN_COMMA = YES;
				CLANG_WARN_CONSTANT_CONVERSION = YES;
				CLANG_WARN_DIRECT_OBJC_ISA_USAGE = YES_ERROR;
				CLANG_WARN_EMPTY_BODY = YES;
				CLANG_WARN_ENUM_CONVERSION = YES;
				CLANG_WARN_INFINITE_RECURSION = YES;
				CLANG_WARN_INT_CONVERSION = YES;
				CLANG_WARN_NON_LITERAL_NULL_CONVERSION = YES;
				CLANG_WARN_OBJC_LITERAL_CONVERSION = YES;
				CLANG_WARN_OBJC_ROOT_CLASS = YES_ERROR;
				CLANG_WARN_RANGE_LOOP_ANALYSIS = YES;
				CLANG_WARN_STRICT_PROTOTYPES = YES;
				CLANG_WARN_SUSPICIOUS_MOVE = YES;
				CLANG_WARN_UNREACHABLE_CODE = YES;
				CLANG_WARN__DUPLICATE_METHOD_MATCH = YES;
				"CODE_SIGN_IDENTITY[sdk=iphoneos*]" = "iPhone Developer";
				COPY_PHASE_STRIP = YES;
				ENABLE_NS_ASSERTIONS = NO;
				ENABLE_STRICT_OBJC_MSGSEND = YES;
				GCC_C_LANGUAGE_STANDARD = gnu99;
				GCC_NO_COMMON_BLOCKS = YES;
				GCC_WARN_64_TO_32_BIT_CONVERSION = YES;
				GCC_WARN_ABOUT_RETURN_TYPE = YES_ERROR;
				GCC_WARN_UNDECLARED_SELECTOR = YES;
				GCC_WARN_UNINITIALIZED_AUTOS = YES_AGGRESSIVE;
				GCC_WARN_UNUSED_FUNCTION = YES;
				GCC_WARN_UNUSED_VARIABLE = YES;
				INFOPLIST_FILE = "Soundcloud/Resurrection Church-Info.plist";
				IPHONEOS_DEPLOYMENT_TARGET = 8.1;
				SDKROOT = iphoneos;
				SWIFT_OPTIMIZATION_LEVEL = "-Owholemodule";
				VALIDATE_PRODUCT = YES;
			};
			name = Release;
		};
		C24F952819798146008332AA /* Debug */ = {
			isa = XCBuildConfiguration;
			baseConfigurationReference = 55105633A3757614CCE2A971 /* Pods-Resurrection Church.debug.xcconfig */;
			buildSettings = {
				ASSETCATALOG_COMPILER_APPICON_NAME = AppIcon;
				CLANG_ENABLE_MODULES = YES;
				CODE_SIGN_ENTITLEMENTS = "Resurrection Church/Resurrection Church.entitlements";
				CODE_SIGN_IDENTITY = "iPhone Developer";
				"CODE_SIGN_IDENTITY[sdk=iphoneos*]" = "iPhone Developer";
				DEVELOPMENT_TEAM = SUE63EEZ2H;
				FRAMEWORK_SEARCH_PATHS = (
					"$(inherited)",
					"$(PROJECT_DIR)",
				);
				GCC_PRECOMPILE_PREFIX_HEADER = YES;
				GCC_PREFIX_HEADER = "Soundcloud/Resurrection Church-Prefix.pch";
				INFOPLIST_FILE = "Soundcloud/Resurrection Church-Info.plist";
				IPHONEOS_DEPLOYMENT_TARGET = 8.1;
				LD_RUNPATH_SEARCH_PATHS = "$(inherited) @executable_path/Frameworks";
				MACH_O_TYPE = mh_execute;
				PRODUCT_BUNDLE_IDENTIFIER = com.resurrectionmedia.resurrectionapp;
				PRODUCT_NAME = "Resurrection Church";
				PROVISIONING_PROFILE = "";
				SWIFT_OBJC_BRIDGING_HEADER = "Soundcloud/Resurrection Church-Bridging-Header.h";
				SWIFT_OPTIMIZATION_LEVEL = "-Onone";
				SWIFT_SWIFT3_OBJC_INFERENCE = On;
				SWIFT_VERSION = 4.0;
				TARGETED_DEVICE_FAMILY = 1;
				WRAPPER_EXTENSION = app;
			};
			name = Debug;
		};
		C24F952919798146008332AA /* Release */ = {
			isa = XCBuildConfiguration;
			baseConfigurationReference = 7AC9CFDDE57B7B96FF41A628 /* Pods-Resurrection Church.release.xcconfig */;
			buildSettings = {
				ASSETCATALOG_COMPILER_APPICON_NAME = AppIcon;
				CLANG_ENABLE_MODULES = YES;
				CODE_SIGN_ENTITLEMENTS = "Resurrection Church/Resurrection Church.entitlements";
				CODE_SIGN_IDENTITY = "iPhone Developer";
				"CODE_SIGN_IDENTITY[sdk=iphoneos*]" = "iPhone Developer";
				DEVELOPMENT_TEAM = SUE63EEZ2H;
				FRAMEWORK_SEARCH_PATHS = (
					"$(inherited)",
					"$(PROJECT_DIR)",
				);
				GCC_PRECOMPILE_PREFIX_HEADER = YES;
				GCC_PREFIX_HEADER = "Soundcloud/Resurrection Church-Prefix.pch";
				INFOPLIST_FILE = "Soundcloud/Resurrection Church-Info.plist";
				IPHONEOS_DEPLOYMENT_TARGET = 8.1;
				LD_RUNPATH_SEARCH_PATHS = "$(inherited) @executable_path/Frameworks";
				MACH_O_TYPE = mh_execute;
				PRODUCT_BUNDLE_IDENTIFIER = com.resurrectionmedia.resurrectionapp;
				PRODUCT_NAME = "Resurrection Church";
				PROVISIONING_PROFILE = "";
				SWIFT_OBJC_BRIDGING_HEADER = "Soundcloud/Resurrection Church-Bridging-Header.h";
				SWIFT_SWIFT3_OBJC_INFERENCE = On;
				SWIFT_VERSION = 4.0;
				TARGETED_DEVICE_FAMILY = 1;
				WRAPPER_EXTENSION = app;
			};
			name = Release;
		};
		C24F952B19798146008332AA /* Debug */ = {
			isa = XCBuildConfiguration;
			baseConfigurationReference = 253D336B9224548CAC7824D9 /* Pods-Resurrection ChurchTests.debug.xcconfig */;
			buildSettings = {
				BUNDLE_LOADER = "$(TEST_HOST)";
				CLANG_ENABLE_MODULES = YES;
				DEVELOPMENT_TEAM = SUE63EEZ2H;
				FRAMEWORK_SEARCH_PATHS = (
					"$(SDKROOT)/Developer/Library/Frameworks",
					"$(inherited)",
					"$(DEVELOPER_FRAMEWORKS_DIR)",
					"$(PROJECT_DIR)",
				);
				GCC_PRECOMPILE_PREFIX_HEADER = YES;
				GCC_PREFIX_HEADER = "Soundcloud/Resurrection Church-Prefix.pch";
				GCC_PREPROCESSOR_DEFINITIONS = (
					"DEBUG=1",
					"$(inherited)",
				);
				INFOPLIST_FILE = "SoundcloudTests/Resurrection ChurchTests-Info.plist";
				LD_RUNPATH_SEARCH_PATHS = "$(inherited) @executable_path/Frameworks @loader_path/Frameworks";
				PRODUCT_BUNDLE_IDENTIFIER = "com.mactech.${PRODUCT_NAME:rfc1034identifier}";
				PRODUCT_NAME = "Resurrection Church";
				SWIFT_OBJC_BRIDGING_HEADER = "Soundcloud/Resurrection ChurchTests-Bridging-Header.h";
				SWIFT_OPTIMIZATION_LEVEL = "-Onone";
				SWIFT_SWIFT3_OBJC_INFERENCE = On;
				SWIFT_VERSION = 4.0;
				TEST_HOST = "$(BUILT_PRODUCTS_DIR)/Resurrection Church.app/Resurrection Church";
				WRAPPER_EXTENSION = xctest;
			};
			name = Debug;
		};
		C24F952C19798146008332AA /* Release */ = {
			isa = XCBuildConfiguration;
			baseConfigurationReference = 80336DB6DBC15807FE89ADF7 /* Pods-Resurrection ChurchTests.release.xcconfig */;
			buildSettings = {
				BUNDLE_LOADER = "$(TEST_HOST)";
				CLANG_ENABLE_MODULES = YES;
				DEVELOPMENT_TEAM = SUE63EEZ2H;
				FRAMEWORK_SEARCH_PATHS = (
					"$(SDKROOT)/Developer/Library/Frameworks",
					"$(inherited)",
					"$(DEVELOPER_FRAMEWORKS_DIR)",
					"$(PROJECT_DIR)",
				);
				GCC_PRECOMPILE_PREFIX_HEADER = YES;
				GCC_PREFIX_HEADER = "Soundcloud/Resurrection Church-Prefix.pch";
				INFOPLIST_FILE = "SoundcloudTests/Resurrection ChurchTests-Info.plist";
				LD_RUNPATH_SEARCH_PATHS = "$(inherited) @executable_path/Frameworks @loader_path/Frameworks";
				PRODUCT_BUNDLE_IDENTIFIER = "com.mactech.${PRODUCT_NAME:rfc1034identifier}";
				PRODUCT_NAME = "Resurrection Church";
				SWIFT_OBJC_BRIDGING_HEADER = "Soundcloud/Resurrection ChurchTests-Bridging-Header.h";
				SWIFT_SWIFT3_OBJC_INFERENCE = On;
				SWIFT_VERSION = 4.0;
				TEST_HOST = "$(BUILT_PRODUCTS_DIR)/Resurrection Church.app/Resurrection Church";
				WRAPPER_EXTENSION = xctest;
			};
			name = Release;
		};
/* End XCBuildConfiguration section */

/* Begin XCConfigurationList section */
		C24F94F019798146008332AA /* Build configuration list for PBXProject "Resurrection Church" */ = {
			isa = XCConfigurationList;
			buildConfigurations = (
				C24F952519798146008332AA /* Debug */,
				C24F952619798146008332AA /* Release */,
			);
			defaultConfigurationIsVisible = 0;
			defaultConfigurationName = Release;
		};
		C24F952719798146008332AA /* Build configuration list for PBXNativeTarget "Resurrection Church" */ = {
			isa = XCConfigurationList;
			buildConfigurations = (
				C24F952819798146008332AA /* Debug */,
				C24F952919798146008332AA /* Release */,
			);
			defaultConfigurationIsVisible = 0;
			defaultConfigurationName = Release;
		};
		C24F952A19798146008332AA /* Build configuration list for PBXNativeTarget "Resurrection ChurchTests" */ = {
			isa = XCConfigurationList;
			buildConfigurations = (
				C24F952B19798146008332AA /* Debug */,
				C24F952C19798146008332AA /* Release */,
			);
			defaultConfigurationIsVisible = 0;
			defaultConfigurationName = Release;
		};
/* End XCConfigurationList section */
	};
	rootObject = C24F94ED19798146008332AA /* Project object */;
}
